
Microsoft Visual Studio Solution File, Format Version 12.00
# Visual Studio 15
Project("{FAE04EC0-301F-11D3-BF4B-00C04F79EFBC}") = "Assembly-CSharp", "Assembly-CSharp.csproj", "{E4E229F0-4BD7-AC65-5F0C-1E0DF332F0AE}"
EndProject
Project("{FAE04EC0-301F-11D3-BF4B-00C04F79EFBC}") = "Assembly-CSharp-Editor", "Assembly-CSharp-Editor.csproj", "{B462CC80-330A-C517-8738-9FC8D4342185}"
EndProject
Global
	GlobalSection(SolutionConfigurationPlatforms) = preSolution
		Debug|Any CPU = Debug|Any CPU
		Release|Any CPU = Release|Any CPU
	EndGlobalSection
	GlobalSection(ProjectConfigurationPlatforms) = postSolution
		{E4E229F0-4BD7-AC65-5F0C-1E0DF332F0AE}.Debug|Any CPU.ActiveCfg = Debug|Any CPU
		{E4E229F0-4BD7-AC65-5F0C-1E0DF332F0AE}.Debug|Any CPU.Build.0 = Debug|Any CPU
		{E4E229F0-4BD7-AC65-5F0C-1E0DF332F0AE}.Release|Any CPU.ActiveCfg = Release|Any CPU
		{E4E229F0-4BD7-AC65-5F0C-1E0DF332F0AE}.Release|Any CPU.Build.0 = Release|Any CPU
		{B462CC80-330A-C517-8738-9FC8D4342185}.Debug|Any CPU.ActiveCfg = Debug|Any CPU
		{B462CC80-330A-C517-8738-9FC8D4342185}.Debug|Any CPU.Build.0 = Debug|Any CPU
		{B462CC80-330A-C517-8738-9FC8D4342185}.Release|Any CPU.ActiveCfg = Release|Any CPU
		{B462CC80-330A-C517-8738-9FC8D4342185}.Release|Any CPU.Build.0 = Release|Any CPU
	EndGlobalSection
	GlobalSection(SolutionProperties) = preSolution
		HideSolutionNode = FALSE
	EndGlobalSection
EndGlobal
